
Microsoft Visual Studio Solution File, Format Version 12.00
# Visual Studio Version 17
VisualStudioVersion = 17.2.32526.322
MinimumVisualStudioVersion = 10.0.40219.1
Project("{FAE04EC0-301F-11D3-BF4B-00C04F79EFBC}") = "StDb2EFRP", "StDb2EFRP\StDb2EFRP.csproj", "{EE00530E-2015-45B4-894A-3E403FED36B5}"
EndProject
Global
	GlobalSection(SolutionConfigurationPlatforms) = preSolution
		Debug|Any CPU = Debug|Any CPU
		Release|Any CPU = Release|Any CPU
	EndGlobalSection
	GlobalSection(ProjectConfigurationPlatforms) = postSolution
		{EE00530E-2015-45B4-894A-3E403FED36B5}.Debug|Any CPU.ActiveCfg = Debug|Any CPU
		{EE00530E-2015-45B4-894A-3E403FED36B5}.Debug|Any CPU.Build.0 = Debug|Any CPU
		{EE00530E-2015-45B4-894A-3E403FED36B5}.Release|Any CPU.ActiveCfg = Release|Any CPU
		{EE00530E-2015-45B4-894A-3E403FED36B5}.Release|Any CPU.Build.0 = Release|Any CPU
	EndGlobalSection
	GlobalSection(SolutionProperties) = preSolution
		HideSolutionNode = FALSE
	EndGlobalSection
	GlobalSection(ExtensibilityGlobals) = postSolution
		SolutionGuid = {C61FFD89-405A-47BE-AA15-097C95D5AE8D}
	EndGlobalSection
EndGlobal
